// !$*UTF8*$!
{
	archiveVersion = 1;
	classes = {
	};
	objectVersion = 55;
	objects = {

/* Begin PBXBuildFile section */
		1F1C2ECF28480273007386E4 /* PostListViewModel.swift in Sources */ = {isa = PBXBuildFile; fileRef = 1F1C2ECE28480273007386E4 /* PostListViewModel.swift */; };
		1F1C2ED128481B98007386E4 /* DetailsPostView.swift in Sources */ = {isa = PBXBuildFile; fileRef = 1F1C2ED028481B98007386E4 /* DetailsPostView.swift */; };
		1F1C2ED3284820A9007386E4 /* PostDetailModel.swift in Sources */ = {isa = PBXBuildFile; fileRef = 1F1C2ED2284820A9007386E4 /* PostDetailModel.swift */; };
		1F1C2ED52848216F007386E4 /* PostDetailListViewModel.swift in Sources */ = {isa = PBXBuildFile; fileRef = 1F1C2ED42848216F007386E4 /* PostDetailListViewModel.swift */; };
		1FF4086628473ABF00262911 /* ZemogaTestApp.swift in Sources */ = {isa = PBXBuildFile; fileRef = 1FF4086528473ABF00262911 /* ZemogaTestApp.swift */; };
		1FF4086828473ABF00262911 /* PostView.swift in Sources */ = {isa = PBXBuildFile; fileRef = 1FF4086728473ABF00262911 /* PostView.swift */; };
		1FF4086A28473AC200262911 /* Assets.xcassets in Resources */ = {isa = PBXBuildFile; fileRef = 1FF4086928473AC200262911 /* Assets.xcassets */; };
		1FF4086D28473AC200262911 /* Preview Assets.xcassets in Resources */ = {isa = PBXBuildFile; fileRef = 1FF4086C28473AC200262911 /* Preview Assets.xcassets */; };
		1FF4087728473B0900262911 /* PostModel.swift in Sources */ = {isa = PBXBuildFile; fileRef = 1FF4087628473B0900262911 /* PostModel.swift */; };
		1FF4087928473B7900262911 /* NetworkManager.swift in Sources */ = {isa = PBXBuildFile; fileRef = 1FF4087828473B7900262911 /* NetworkManager.swift */; };
/* End PBXBuildFile section */

/* Begin PBXFileReference section */
		1F1C2ECE28480273007386E4 /* PostListViewModel.swift */ = {isa = PBXFileReference; lastKnownFileType = sourcecode.swift; path = PostListViewModel.swift; sourceTree = "<group>"; };
		1F1C2ED028481B98007386E4 /* DetailsPostView.swift */ = {isa = PBXFileReference; lastKnownFileType = sourcecode.swift; path = DetailsPostView.swift; sourceTree = "<group>"; };
		1F1C2ED2284820A9007386E4 /* PostDetailModel.swift */ = {isa = PBXFileReference; lastKnownFileType = sourcecode.swift; path = PostDetailModel.swift; sourceTree = "<group>"; };
		1F1C2ED42848216F007386E4 /* PostDetailListViewModel.swift */ = {isa = PBXFileReference; lastKnownFileType = sourcecode.swift; path = PostDetailListViewModel.swift; sourceTree = "<group>"; };
		1FF4086228473ABF00262911 /* ZemogaTest.app */ = {isa = PBXFileReference; explicitFileType = wrapper.application; includeInIndex = 0; path = ZemogaTest.app; sourceTree = BUILT_PRODUCTS_DIR; };
		1FF4086528473ABF00262911 /* ZemogaTestApp.swift */ = {isa = PBXFileReference; lastKnownFileType = sourcecode.swift; path = ZemogaTestApp.swift; sourceTree = "<group>"; };
		1FF4086728473ABF00262911 /* PostView.swift */ = {isa = PBXFileReference; lastKnownFileType = sourcecode.swift; path = PostView.swift; sourceTree = "<group>"; };
		1FF4086928473AC200262911 /* Assets.xcassets */ = {isa = PBXFileReference; lastKnownFileType = folder.assetcatalog; path = Assets.xcassets; sourceTree = "<group>"; };
		1FF4086C28473AC200262911 /* Preview Assets.xcassets */ = {isa = PBXFileReference; lastKnownFileType = folder.assetcatalog; path = "Preview Assets.xcassets"; sourceTree = "<group>"; };
		1FF4087628473B0900262911 /* PostModel.swift */ = {isa = PBXFileReference; lastKnownFileType = sourcecode.swift; path = PostModel.swift; sourceTree = "<group>"; };
		1FF4087828473B7900262911 /* NetworkManager.swift */ = {isa = PBXFileReference; lastKnownFileType = sourcecode.swift; path = NetworkManager.swift; sourceTree = "<group>"; };
/* End PBXFileReference section */

/* Begin PBXFrameworksBuildPhase section */
		1FF4085F28473ABF00262911 /* Frameworks */ = {
			isa = PBXFrameworksBuildPhase;
			buildActionMask = 2147483647;
			files = (
			);
			runOnlyForDeploymentPostprocessing = 0;
		};
/* End PBXFrameworksBuildPhase section */

/* Begin PBXGroup section */
		1FF4085928473ABF00262911 = {
			isa = PBXGroup;
			children = (
				1FF4086428473ABF00262911 /* ZemogaTest */,
				1FF4086328473ABF00262911 /* Products */,
			);
			sourceTree = "<group>";
		};
		1FF4086328473ABF00262911 /* Products */ = {
			isa = PBXGroup;
			children = (
				1FF4086228473ABF00262911 /* ZemogaTest.app */,
			);
			name = Products;
			sourceTree = "<group>";
		};
		1FF4086428473ABF00262911 /* ZemogaTest */ = {
			isa = PBXGroup;
			children = (
				1FF4087528473AE300262911 /* ViewModel */,
				1FF4087428473ADE00262911 /* View */,
				1FF4087328473AD500262911 /* Model */,
				1FF4086528473ABF00262911 /* ZemogaTestApp.swift */,
				1FF4086928473AC200262911 /* Assets.xcassets */,
				1FF4086B28473AC200262911 /* Preview Content */,
				1FF4087828473B7900262911 /* NetworkManager.swift */,
			);
			path = ZemogaTest;
			sourceTree = "<group>";
		};
		1FF4086B28473AC200262911 /* Preview Content */ = {
			isa = PBXGroup;
			children = (
				1FF4086C28473AC200262911 /* Preview Assets.xcassets */,
			);
			path = "Preview Content";
			sourceTree = "<group>";
		};
		1FF4087328473AD500262911 /* Model */ = {
			isa = PBXGroup;
			children = (
				1FF4087628473B0900262911 /* PostModel.swift */,
				1F1C2ED2284820A9007386E4 /* PostDetailModel.swift */,
			);
			path = Model;
			sourceTree = "<group>";
		};
		1FF4087428473ADE00262911 /* View */ = {
			isa = PBXGroup;
			children = (
				1FF4086728473ABF00262911 /* PostView.swift */,
				1F1C2ED028481B98007386E4 /* DetailsPostView.swift */,
			);
			path = View;
			sourceTree = "<group>";
		};
		1FF4087528473AE300262911 /* ViewModel */ = {
			isa = PBXGroup;
			children = (
				1F1C2ECE28480273007386E4 /* PostListViewModel.swift */,
				1F1C2ED42848216F007386E4 /* PostDetailListViewModel.swift */,
			);
			path = ViewModel;
			sourceTree = "<group>";
		};
/* End PBXGroup section */

/* Begin PBXNativeTarget section */
		1FF4086128473ABF00262911 /* ZemogaTest */ = {
			isa = PBXNativeTarget;
			buildConfigurationList = 1FF4087028473AC200262911 /* Build configuration list for PBXNativeTarget "ZemogaTest" */;
			buildPhases = (
				1FF4085E28473ABF00262911 /* Sources */,
				1FF4085F28473ABF00262911 /* Frameworks */,
				1FF4086028473ABF00262911 /* Resources */,
			);
			buildRules = (
			);
			dependencies = (
			);
			name = ZemogaTest;
			productName = ZemogaTest;
			productReference = 1FF4086228473ABF00262911 /* ZemogaTest.app */;
			productType = "com.apple.product-type.application";
		};
/* End PBXNativeTarget section */

/* Begin PBXProject section */
		1FF4085A28473ABF00262911 /* Project object */ = {
			isa = PBXProject;
			attributes = {
				BuildIndependentTargetsInParallel = 1;
				LastSwiftUpdateCheck = 1340;
				LastUpgradeCheck = 1340;
				TargetAttributes = {
					1FF4086128473ABF00262911 = {
						CreatedOnToolsVersion = 13.4;
					};
				};
			};
			buildConfigurationList = 1FF4085D28473ABF00262911 /* Build configuration list for PBXProject "ZemogaTest" */;
			compatibilityVersion = "Xcode 13.0";
			developmentRegion = en;
			hasScannedForEncodings = 0;
			knownRegions = (
				en,
				Base,
			);
			mainGroup = 1FF4085928473ABF00262911;
			productRefGroup = 1FF4086328473ABF00262911 /* Products */;
			projectDirPath = "";
			projectRoot = "";
			targets = (
				1FF4086128473ABF00262911 /* ZemogaTest */,
			);
		};
/* End PBXProject section */

/* Begin PBXResourcesBuildPhase section */
		1FF4086028473ABF00262911 /* Resources */ = {
			isa = PBXResourcesBuildPhase;
			buildActionMask = 2147483647;
			files = (
				1FF4086D28473AC200262911 /* Preview Assets.xcassets in Resources */,
				1FF4086A28473AC200262911 /* Assets.xcassets in Resources */,
			);
			runOnlyForDeploymentPostprocessing = 0;
		};
/* End PBXResourcesBuildPhase section */

/* Begin PBXSourcesBuildPhase section */
		1FF4085E28473ABF00262911 /* Sources */ = {
			isa = PBXSourcesBuildPhase;
			buildActionMask = 2147483647;
			files = (
				1FF4087928473B7900262911 /* NetworkManager.swift in Sources */,
				1F1C2ED52848216F007386E4 /* PostDetailListViewModel.swift in Sources */,
				1FF4086828473ABF00262911 /* PostView.swift in Sources */,
				1F1C2ED128481B98007386E4 /* DetailsPostView.swift in Sources */,
				1F1C2ED3284820A9007386E4 /* PostDetailModel.swift in Sources */,
				1F1C2ECF28480273007386E4 /* PostListViewModel.swift in Sources */,
				1FF4087728473B0900262911 /* PostModel.swift in Sources */,
				1FF4086628473ABF00262911 /* ZemogaTestApp.swift in Sources */,
			);
			runOnlyForDeploymentPostprocessing = 0;
		};
/* End PBXSourcesBuildPhase section */

/* Begin XCBuildConfiguration section */
		1FF4086E28473AC200262911 /* Debug */ = {
			isa = XCBuildConfiguration;
			buildSettings = {
				ALWAYS_SEARCH_USER_PATHS = NO;
				CLANG_ANALYZER_NONNULL = YES;
				CLANG_ANALYZER_NUMBER_OBJECT_CONVERSION = YES_AGGRESSIVE;
				CLANG_CXX_LANGUAGE_STANDARD = "gnu++17";
				CLANG_ENABLE_MODULES = YES;
				CLANG_ENABLE_OBJC_ARC = YES;
				CLANG_ENABLE_OBJC_WEAK = YES;
				CLANG_WARN_BLOCK_CAPTURE_AUTORELEASING = YES;
				CLANG_WARN_BOOL_CONVERSION = YES;
				CLANG_WARN_COMMA = YES;
				CLANG_WARN_CONSTANT_CONVERSION = YES;
				CLANG_WARN_DEPRECATED_OBJC_IMPLEMENTATIONS = YES;
				CLANG_WARN_DIRECT_OBJC_ISA_USAGE = YES_ERROR;
				CLANG_WARN_DOCUMENTATION_COMMENTS = YES;
				CLANG_WARN_EMPTY_BODY = YES;
				CLANG_WARN_ENUM_CONVERSION = YES;
				CLANG_WARN_INFINITE_RECURSION = YES;
				CLANG_WARN_INT_CONVERSION = YES;
				CLANG_WARN_NON_LITERAL_NULL_CONVERSION = YES;
				CLANG_WARN_OBJC_IMPLICIT_RETAIN_SELF = YES;
				CLANG_WARN_OBJC_LITERAL_CONVERSION = YES;
				CLANG_WARN_OBJC_ROOT_CLASS = YES_ERROR;
				CLANG_WARN_QUOTED_INCLUDE_IN_FRAMEWORK_HEADER = YES;
				CLANG_WARN_RANGE_LOOP_ANALYSIS = YES;
				CLANG_WARN_STRICT_PROTOTYPES = YES;
				CLANG_WARN_SUSPICIOUS_MOVE = YES;
				CLANG_WARN_UNGUARDED_AVAILABILITY = YES_AGGRESSIVE;
				CLANG_WARN_UNREACHABLE_CODE = YES;
				CLANG_WARN__DUPLICATE_METHOD_MATCH = YES;
				COPY_PHASE_STRIP = NO;
				DEBUG_INFORMATION_FORMAT = dwarf;
				ENABLE_STRICT_OBJC_MSGSEND = YES;
				ENABLE_TESTABILITY = YES;
				GCC_C_LANGUAGE_STANDARD = gnu11;
				GCC_DYNAMIC_NO_PIC = NO;
				GCC_NO_COMMON_BLOCKS = YES;
				GCC_OPTIMIZATION_LEVEL = 0;
				GCC_PREPROCESSOR_DEFINITIONS = (
					"DEBUG=1",
					"$(inherited)",
				);
				GCC_WARN_64_TO_32_BIT_CONVERSION = YES;
				GCC_WARN_ABOUT_RETURN_TYPE = YES_ERROR;
				GCC_WARN_UNDECLARED_SELECTOR = YES;
				GCC_WARN_UNINITIALIZED_AUTOS = YES_AGGRESSIVE;
				GCC_WARN_UNUSED_FUNCTION = YES;
				GCC_WARN_UNUSED_VARIABLE = YES;
				IPHONEOS_DEPLOYMENT_TARGET = 15.5;
				MTL_ENABLE_DEBUG_INFO = INCLUDE_SOURCE;
				MTL_FAST_MATH = YES;
				ONLY_ACTIVE_ARCH = YES;
				SDKROOT = iphoneos;
				SWIFT_ACTIVE_COMPILATION_CONDITIONS = DEBUG;
				SWIFT_OPTIMIZATION_LEVEL = "-Onone";
			};
			name = Debug;
		};
		1FF4086F28473AC200262911 /* Release */ = {
			isa = XCBuildConfiguration;
			buildSettings = {
				ALWAYS_SEARCH_USER_PATHS = NO;
				CLANG_ANALYZER_NONNULL = YES;
				CLANG_ANALYZER_NUMBER_OBJECT_CONVERSION = YES_AGGRESSIVE;
				CLANG_CXX_LANGUAGE_STANDARD = "gnu++17";
				CLANG_ENABLE_MODULES = YES;
				CLANG_ENABLE_OBJC_ARC = YES;
				CLANG_ENABLE_OBJC_WEAK = YES;
				CLANG_WARN_BLOCK_CAPTURE_AUTORELEASING = YES;
				CLANG_WARN_BOOL_CONVERSION = YES;
				CLANG_WARN_COMMA = YES;
				CLANG_WARN_CONSTANT_CONVERSION = YES;
				CLANG_WARN_DEPRECATED_OBJC_IMPLEMENTATIONS = YES;
				CLANG_WARN_DIRECT_OBJC_ISA_USAGE = YES_ERROR;
				CLANG_WARN_DOCUMENTATION_COMMENTS = YES;
				CLANG_WARN_EMPTY_BODY = YES;
				CLANG_WARN_ENUM_CONVERSION = YES;
				CLANG_WARN_INFINITE_RECURSION = YES;
				CLANG_WARN_INT_CONVERSION = YES;
				CLANG_WARN_NON_LITERAL_NULL_CONVERSION = YES;
				CLANG_WARN_OBJC_IMPLICIT_RETAIN_SELF = YES;
				CLANG_WARN_OBJC_LITERAL_CONVERSION = YES;
				CLANG_WARN_OBJC_ROOT_CLASS = YES_ERROR;
				CLANG_WARN_QUOTED_INCLUDE_IN_FRAMEWORK_HEADER = YES;
				CLANG_WARN_RANGE_LOOP_ANALYSIS = YES;
				CLANG_WARN_STRICT_PROTOTYPES = YES;
				CLANG_WARN_SUSPICIOUS_MOVE = YES;
				CLANG_WARN_UNGUARDED_AVAILABILITY = YES_AGGRESSIVE;
				CLANG_WARN_UNREACHABLE_CODE = YES;
				CLANG_WARN__DUPLICATE_METHOD_MATCH = YES;
				COPY_PHASE_STRIP = NO;
				DEBUG_INFORMATION_FORMAT = "dwarf-with-dsym";
				ENABLE_NS_ASSERTIONS = NO;
				ENABLE_STRICT_OBJC_MSGSEND = YES;
				GCC_C_LANGUAGE_STANDARD = gnu11;
				GCC_NO_COMMON_BLOCKS = YES;
				GCC_WARN_64_TO_32_BIT_CONVERSION = YES;
				GCC_WARN_ABOUT_RETURN_TYPE = YES_ERROR;
				GCC_WARN_UNDECLARED_SELECTOR = YES;
				GCC_WARN_UNINITIALIZED_AUTOS = YES_AGGRESSIVE;
				GCC_WARN_UNUSED_FUNCTION = YES;
				GCC_WARN_UNUSED_VARIABLE = YES;
				IPHONEOS_DEPLOYMENT_TARGET = 15.5;
				MTL_ENABLE_DEBUG_INFO = NO;
				MTL_FAST_MATH = YES;
				SDKROOT = iphoneos;
				SWIFT_COMPILATION_MODE = wholemodule;
				SWIFT_OPTIMIZATION_LEVEL = "-O";
				VALIDATE_PRODUCT = YES;
			};
			name = Release;
		};
		1FF4087128473AC200262911 /* Debug */ = {
			isa = XCBuildConfiguration;
			buildSettings = {
				ASSETCATALOG_COMPILER_APPICON_NAME = AppIcon;
				ASSETCATALOG_COMPILER_GLOBAL_ACCENT_COLOR_NAME = AccentColor;
				CODE_SIGN_STYLE = Automatic;
				CURRENT_PROJECT_VERSION = 1;
				DEVELOPMENT_ASSET_PATHS = "\"ZemogaTest/Preview Content\"";
				DEVELOPMENT_TEAM = H5QG2Z5KD8;
				ENABLE_PREVIEWS = YES;
				GENERATE_INFOPLIST_FILE = YES;
				INFOPLIST_KEY_UIApplicationSceneManifest_Generation = YES;
				INFOPLIST_KEY_UIApplicationSupportsIndirectInputEvents = YES;
				INFOPLIST_KEY_UILaunchScreen_Generation = YES;
				INFOPLIST_KEY_UISupportedInterfaceOrientations_iPad = "UIInterfaceOrientationPortrait UIInterfaceOrientationPortraitUpsideDown UIInterfaceOrientationLandscapeLeft UIInterfaceOrientationLandscapeRight";
				INFOPLIST_KEY_UISupportedInterfaceOrientations_iPhone = "UIInterfaceOrientationPortrait UIInterfaceOrientationLandscapeLeft UIInterfaceOrientationLandscapeRight";
				LD_RUNPATH_SEARCH_PATHS = (
					"$(inherited)",
					"@executable_path/Frameworks",
				);
				MARKETING_VERSION = 1.0;
				PRODUCT_BUNDLE_IDENTIFIER = standartesoftware.com.ZemogaTest;
				PRODUCT_NAME = "$(TARGET_NAME)";
				SWIFT_EMIT_LOC_STRINGS = YES;
				SWIFT_VERSION = 5.0;
				TARGETED_DEVICE_FAMILY = "1,2";
			};
			name = Debug;
		};
		1FF4087228473AC200262911 /* Release */ = {
			isa = XCBuildConfiguration;
			buildSettings = {
				ASSETCATALOG_COMPILER_APPICON_NAME = AppIcon;
				ASSETCATALOG_COMPILER_GLOBAL_ACCENT_COLOR_NAME = AccentColor;
				CODE_SIGN_STYLE = Automatic;
				CURRENT_PROJECT_VERSION = 1;
				DEVELOPMENT_ASSET_PATHS = "\"ZemogaTest/Preview Content\"";
				DEVELOPMENT_TEAM = H5QG2Z5KD8;
				ENABLE_PREVIEWS = YES;
				GENERATE_INFOPLIST_FILE = YES;
				INFOPLIST_KEY_UIApplicationSceneManifest_Generation = YES;
				INFOPLIST_KEY_UIApplicationSupportsIndirectInputEvents = YES;
				INFOPLIST_KEY_UILaunchScreen_Generation = YES;
				INFOPLIST_KEY_UISupportedInterfaceOrientations_iPad = "UIInterfaceOrientationPortrait UIInterfaceOrientationPortraitUpsideDown UIInterfaceOrientationLandscapeLeft UIInterfaceOrientationLandscapeRight";
				INFOPLIST_KEY_UISupportedInterfaceOrientations_iPhone = "UIInterfaceOrientationPortrait UIInterfaceOrientationLandscapeLeft UIInterfaceOrientationLandscapeRight";
				LD_RUNPATH_SEARCH_PATHS = (
					"$(inherited)",
					"@executable_path/Frameworks",
				);
				MARKETING_VERSION = 1.0;
				PRODUCT_BUNDLE_IDENTIFIER = standartesoftware.com.ZemogaTest;
				PRODUCT_NAME = "$(TARGET_NAME)";
				SWIFT_EMIT_LOC_STRINGS = YES;
				SWIFT_VERSION = 5.0;
				TARGETED_DEVICE_FAMILY = "1,2";
			};
			name = Release;
		};
/* End XCBuildConfiguration section */

/* Begin XCConfigurationList section */
		1FF4085D28473ABF00262911 /* Build configuration list for PBXProject "ZemogaTest" */ = {
			isa = XCConfigurationList;
			buildConfigurations = (
				1FF4086E28473AC200262911 /* Debug */,
				1FF4086F28473AC200262911 /* Release */,
			);
			defaultConfigurationIsVisible = 0;
			defaultConfigurationName = Release;
		};
		1FF4087028473AC200262911 /* Build configuration list for PBXNativeTarget "ZemogaTest" */ = {
			isa = XCConfigurationList;
			buildConfigurations = (
				1FF4087128473AC200262911 /* Debug */,
				1FF4087228473AC200262911 /* Release */,
			);
			defaultConfigurationIsVisible = 0;
			defaultConfigurationName = Release;
		};
/* End XCConfigurationList section */
	};
	rootObject = 1FF4085A28473ABF00262911 /* Project object */;
}
